schema: '2.0'
stages:
  prepare:
    cmd: .venv/bin/python scripts/prepare_data.py
    deps:
    - path: Indian_Investor_Dataset_2026.csv
      hash: md5
      md5: 9442955aabbfc5a0b3720ab6e7d49c3c
      size: 851883
    - path: scripts/prepare_data.py
      hash: md5
      md5: 7e4e00e840051b1cfb37069e9d8c1218
      size: 1035
    - path: src/data/clean_data.py
      hash: md5
      md5: 3059dd50c8c590e2810d348a691f275f
      size: 2978
    - path: src/data/ingest_validate.py
      hash: md5
      md5: f4239f1bea013e316707821774ef75f7
      size: 3245
    outs:
    - path: data/processed/prepared_data.csv
      hash: md5
      md5: da766dddd1c5bc75797cea021956e4fc
      size: 872629
  train:
    cmd: .venv/bin/python scripts/train_pipeline.py
    deps:
    - path: data/processed/prepared_data.csv
      hash: md5
      md5: da766dddd1c5bc75797cea021956e4fc
      size: 872629
    - path: scripts/train_pipeline.py
      hash: md5
      md5: 0b7c2874731b91f5db51ca0f00ff8f14
      size: 635
    - path: src/features/build_features.py
      hash: md5
      md5: 985f9383718a2efe47efacddf7d5706c
      size: 4155
    - path: src/models/train.py
      hash: md5
      md5: 638b318469f077289a8a417084d2d5cd
      size: 8324
    params:
      params.yaml:
        train.models.random_forest.n_estimators: 100
        train.target_transform: log1p
    outs:
    - path: artifacts/model.joblib
      hash: md5
      md5: 9f832797fd213048e7b41287088d987c
      size: 5754
